// !$*UTF8*$!
{
	archiveVersion = 1;
	classes = {
	};
	objectVersion = 46;
	objects = {

/* Begin PBXBuildFile section */
		813FADB21C5A6678005C19DC /* main.swift in Sources */ = {isa = PBXBuildFile; fileRef = 813FADB11C5A6678005C19DC /* main.swift */; };
/* End PBXBuildFile section */

/* Begin PBXCopyFilesBuildPhase section */
		813FADAC1C5A6678005C19DC /* CopyFiles */ = {
			isa = PBXCopyFilesBuildPhase;
			buildActionMask = 2147483647;
			dstPath = /usr/share/man/man1/;
			dstSubfolderSpec = 0;
			files = (
			);
			runOnlyForDeploymentPostprocessing = 1;
		};
/* End PBXCopyFilesBuildPhase section */

/* Begin PBXFileReference section */
		813884AF1C5FA7EE00F6DBDC /* Day2-1.playground */ = {isa = PBXFileReference; lastKnownFileType = file.playground; path = "Day2-1.playground"; sourceTree = "<group>"; };
		813884B01C5FA7F700F6DBDC /* Day2-2.playground */ = {isa = PBXFileReference; lastKnownFileType = file.playground; path = "Day2-2.playground"; sourceTree = "<group>"; };
		813884B11C5FA80100F6DBDC /* Day2-3.playground */ = {isa = PBXFileReference; lastKnownFileType = file.playground; path = "Day2-3.playground"; sourceTree = "<group>"; };
		813FADAE1C5A6678005C19DC /* Tick Challenges */ = {isa = PBXFileReference; explicitFileType = "compiled.mach-o.executable"; includeInIndex = 0; path = "Tick Challenges"; sourceTree = BUILT_PRODUCTS_DIR; };
		813FADB11C5A6678005C19DC /* main.swift */ = {isa = PBXFileReference; lastKnownFileType = sourcecode.swift; path = main.swift; sourceTree = "<group>"; };
		813FADB81C5A668D005C19DC /* Group-Maker.playground */ = {isa = PBXFileReference; lastKnownFileType = file.playground; path = "Group-Maker.playground"; sourceTree = "<group>"; };
/* End PBXFileReference section */

/* Begin PBXFrameworksBuildPhase section */
		813FADAB1C5A6678005C19DC /* Frameworks */ = {
			isa = PBXFrameworksBuildPhase;
			buildActionMask = 2147483647;
			files = (
			);
			runOnlyForDeploymentPostprocessing = 0;
		};
/* End PBXFrameworksBuildPhase section */

/* Begin PBXGroup section */
		813FADA51C5A6678005C19DC = {
			isa = PBXGroup;
			children = (
				813884B11C5FA80100F6DBDC /* Day2-3.playground */,
				813884B01C5FA7F700F6DBDC /* Day2-2.playground */,
				813884AF1C5FA7EE00F6DBDC /* Day2-1.playground */,
				813FADB81C5A668D005C19DC /* Group-Maker.playground */,
				813FADB01C5A6678005C19DC /* Tick Challenges */,
				813FADAF1C5A6678005C19DC /* Products */,
			);
			sourceTree = "<group>";
		};
		813FADAF1C5A6678005C19DC /* Products */ = {
			isa = PBXGroup;
			children = (
				813FADAE1C5A6678005C19DC /* Tick Challenges */,
			);
			name = Products;
			sourceTree = "<group>";
		};
		813FADB01C5A6678005C19DC /* Tick Challenges */ = {
			isa = PBXGroup;
			children = (
				813FADB11C5A6678005C19DC /* main.swift */,
			);
			path = "Tick Challenges";
			sourceTree = "<group>";
		};
/* End PBXGroup section */

/* Begin PBXNativeTarget section */
		813FADAD1C5A6678005C19DC /* Tick Challenges */ = {
			isa = PBXNativeTarget;
			buildConfigurationList = 813FADB51C5A6678005C19DC /* Build configuration list for PBXNativeTarget "Tick Challenges" */;
			buildPhases = (
				813FADAA1C5A6678005C19DC /* Sources */,
				813FADAB1C5A6678005C19DC /* Frameworks */,
				813FADAC1C5A6678005C19DC /* CopyFiles */,
			);
			buildRules = (
			);
			dependencies = (
			);
			name = "Tick Challenges";
			productName = "Tick Challenges";
			productReference = 813FADAE1C5A6678005C19DC /* Tick Challenges */;
			productType = "com.apple.product-type.tool";
		};
/* End PBXNativeTarget section */

/* Begin PBXProject section */
		813FADA61C5A6678005C19DC /* Project object */ = {
			isa = PBXProject;
			attributes = {
				LastSwiftUpdateCheck = 0720;
				LastUpgradeCheck = 0720;
				ORGANIZATIONNAME = "Royal St. George's College";
				TargetAttributes = {
					813FADAD1C5A6678005C19DC = {
						CreatedOnToolsVersion = 7.2;
					};
				};
			};
			buildConfigurationList = 813FADA91C5A6678005C19DC /* Build configuration list for PBXProject "Tick Challenges" */;
			compatibilityVersion = "Xcode 3.2";
			developmentRegion = English;
			hasScannedForEncodings = 0;
			knownRegions = (
				en,
			);
			mainGroup = 813FADA51C5A6678005C19DC;
			productRefGroup = 813FADAF1C5A6678005C19DC /* Products */;
			projectDirPath = "";
			projectRoot = "";
			targets = (
				813FADAD1C5A6678005C19DC /* Tick Challenges */,
			);
		};
/* End PBXProject section */

/* Begin PBXSourcesBuildPhase section */
		813FADAA1C5A6678005C19DC /* Sources */ = {
			isa = PBXSourcesBuildPhase;
			buildActionMask = 2147483647;
			files = (
				813FADB21C5A6678005C19DC /* main.swift in Sources */,
			);
			runOnlyForDeploymentPostprocessing = 0;
		};
/* End PBXSourcesBuildPhase section */

/* Begin XCBuildConfiguration section */
		813FADB31C5A6678005C19DC /* Debug */ = {
			isa = XCBuildConfiguration;
			buildSettings = {
				ALWAYS_SEARCH_USER_PATHS = NO;
				CLANG_CXX_LANGUAGE_STANDARD = "gnu++0x";
				CLANG_CXX_LIBRARY = "libc++";
				CLANG_ENABLE_MODULES = YES;
				CLANG_ENABLE_OBJC_ARC = YES;
				CLANG_WARN_BOOL_CONVERSION = YES;
				CLANG_WARN_CONSTANT_CONVERSION = YES;
				CLANG_WARN_DIRECT_OBJC_ISA_USAGE = YES_ERROR;
				CLANG_WARN_EMPTY_BODY = YES;
				CLANG_WARN_ENUM_CONVERSION = YES;
				CLANG_WARN_INT_CONVERSION = YES;
				CLANG_WARN_OBJC_ROOT_CLASS = YES_ERROR;
				CLANG_WARN_UNREACHABLE_CODE = YES;
				CLANG_WARN__DUPLICATE_METHOD_MATCH = YES;
				CODE_SIGN_IDENTITY = "-";
				COPY_PHASE_STRIP = NO;
				DEBUG_INFORMATION_FORMAT = dwarf;
				ENABLE_STRICT_OBJC_MSGSEND = YES;
				ENABLE_TESTABILITY = YES;
				GCC_C_LANGUAGE_STANDARD = gnu99;
				GCC_DYNAMIC_NO_PIC = NO;
				GCC_NO_COMMON_BLOCKS = YES;
				GCC_OPTIMIZATION_LEVEL = 0;
				GCC_PREPROCESSOR_DEFINITIONS = (
					"DEBUG=1",
					"$(inherited)",
				);
				GCC_WARN_64_TO_32_BIT_CONVERSION = YES;
				GCC_WARN_ABOUT_RETURN_TYPE = YES_ERROR;
				GCC_WARN_UNDECLARED_SELECTOR = YES;
				GCC_WARN_UNINITIALIZED_AUTOS = YES_AGGRESSIVE;
				GCC_WARN_UNUSED_FUNCTION = YES;
				GCC_WARN_UNUSED_VARIABLE = YES;
				MACOSX_DEPLOYMENT_TARGET = 10.11;
				MTL_ENABLE_DEBUG_INFO = YES;
				ONLY_ACTIVE_ARCH = YES;
				SDKROOT = macosx;
				SWIFT_OPTIMIZATION_LEVEL = "-Onone";
			};
			name = Debug;
		};
		813FADB41C5A6678005C19DC /* Release */ = {
			isa = XCBuildConfiguration;
			buildSettings = {
				ALWAYS_SEARCH_USER_PATHS = NO;
				CLANG_CXX_LANGUAGE_STANDARD = "gnu++0x";
				CLANG_CXX_LIBRARY = "libc++";
				CLANG_ENABLE_MODULES = YES;
				CLANG_ENABLE_OBJC_ARC = YES;
				CLANG_WARN_BOOL_CONVERSION = YES;
				CLANG_WARN_CONSTANT_CONVERSION = YES;
				CLANG_WARN_DIRECT_OBJC_ISA_USAGE = YES_ERROR;
				CLANG_WARN_EMPTY_BODY = YES;
				CLANG_WARN_ENUM_CONVERSION = YES;
				CLANG_WARN_INT_CONVERSION = YES;
				CLANG_WARN_OBJC_ROOT_CLASS = YES_ERROR;
				CLANG_WARN_UNREACHABLE_CODE = YES;
				CLANG_WARN__DUPLICATE_METHOD_MATCH = YES;
				CODE_SIGN_IDENTITY = "-";
				COPY_PHASE_STRIP = NO;
				DEBUG_INFORMATION_FORMAT = "dwarf-with-dsym";
				ENABLE_NS_ASSERTIONS = NO;
				ENABLE_STRICT_OBJC_MSGSEND = YES;
				GCC_C_LANGUAGE_STANDARD = gnu99;
				GCC_NO_COMMON_BLOCKS = YES;
				GCC_WARN_64_TO_32_BIT_CONVERSION = YES;
				GCC_WARN_ABOUT_RETURN_TYPE = YES_ERROR;
				GCC_WARN_UNDECLARED_SELECTOR = YES;
				GCC_WARN_UNINITIALIZED_AUTOS = YES_AGGRESSIVE;
				GCC_WARN_UNUSED_FUNCTION = YES;
				GCC_WARN_UNUSED_VARIABLE = YES;
				MACOSX_DEPLOYMENT_TARGET = 10.11;
				MTL_ENABLE_DEBUG_INFO = NO;
				SDKROOT = macosx;
			};
			name = Release;
		};
		813FADB61C5A6678005C19DC /* Debug */ = {
			isa = XCBuildConfiguration;
			buildSettings = {
				PRODUCT_NAME = "$(TARGET_NAME)";
			};
			name = Debug;
		};
		813FADB71C5A6678005C19DC /* Release */ = {
			isa = XCBuildConfiguration;
			buildSettings = {
				PRODUCT_NAME = "$(TARGET_NAME)";
			};
			name = Release;
		};
/* End XCBuildConfiguration section */

/* Begin XCConfigurationList section */
		813FADA91C5A6678005C19DC /* Build configuration list for PBXProject "Tick Challenges" */ = {
			isa = XCConfigurationList;
			buildConfigurations = (
				813FADB31C5A6678005C19DC /* Debug */,
				813FADB41C5A6678005C19DC /* Release */,
			);
			defaultConfigurationIsVisible = 0;
			defaultConfigurationName = Release;
		};
		813FADB51C5A6678005C19DC /* Build configuration list for PBXNativeTarget "Tick Challenges" */ = {
			isa = XCConfigurationList;
			buildConfigurations = (
				813FADB61C5A6678005C19DC /* Debug */,
				813FADB71C5A6678005C19DC /* Release */,
			);
			defaultConfigurationIsVisible = 0;
			defaultConfigurationName = Release;
		};
/* End XCConfigurationList section */
	};
	rootObject = 813FADA61C5A6678005C19DC /* Project object */;
}
